github.com/google/btree v1.1.2 h1:xf4v41cLI2Z6FxbKm+8Bu+m8ifhj15JuZ9sa0jZCMUU=
github.com/google/btree v1.1.2/go.mod h1:qOPhT0dTNdNzV6Z/lhRX0YXUafgPLFUh+gZMl761Gm4=
github.com/google/go-cmp v0.5.9 h1:O2Tfq5qg4qc4AmwVlvv0oLiVAGB7enBSJ2x2DqQFi38=
github.com/google/go-cmp v0.5.9/go.mod h1:17dUlkBOakJ0+DkrSSNjCkIjxS6bF9zb3elmeNGIjoY=
github.com/imgk/divert-go v0.0.0-20220205193416-faaa83c2c10a h1:wkU8llyuZtm80Ak6f7/QAmCq/LSwF8IOzMCRRGhb3Fk=
github.com/imgk/divert-go v0.0.0-20220205193416-faaa83c2c10a/go.mod h1:8j670dnMAWuHP3AHj7Zd8b4HhGw4mdTo8aYhCWNsAeU=
golang.org/x/mod v0.14.0 h1:dGoOF9QVLYng8IHTm7BAyWqCqSheQ5pYWGhzW00YJr0=
golang.org/x/mod v0.14.0/go.mod h1:hTbmBsO62+eylJbnUtE2MGJUyE7QWk4xUqPFrRgJ+7c=
golang.org/x/sys v0.16.0 h1:xWw16ngr6ZMtmxDyKyIgsE93KNKz5HKmMa3b8ALHidU=
golang.org/x/sys v0.16.0/go.mod h1:/VUhepiaJMQUp4+oa/7Zr1D23ma6VTLIYjOOTFZPUcA=
golang.org/x/time v0.5.0 h1:o7cqy6amK/52YcAKIPlM3a+Fpj35zvRj2TP+e1xFSfk=
golang.org/x/time v0.5.0/go.mod h1:3BpzKBy/shNhVucY/MWOyx10tF3SFh9QdLuxbVysPQM=
gvisor.dev/gvisor v0.0.0-20240223225258-e5ea3935bfd1 h1:J2ovHTc94htx3u47oyRVfZuMMNOWF3imQ5hrQmgeK3Y=
gvisor.dev/gvisor v0.0.0-20240223225258-e5ea3935bfd1/go.mod h1:YcCCAniKhCIGGvWxOobcre6euvNQON7nZCtMcVYO9rA=
