
Microsoft Visual Studio Solution File, Format Version 12.00
# Visual Studio Version 17
VisualStudioVersion = 17.4.33213.308
MinimumVisualStudioVersion = 10.0.40219.1
Project("{8BC9CEB8-8B4A-11D0-8D11-00A0C91BC942}") = "MioSocks-Core", "MioSocks-Core\MioSocks-Core.vcxproj", "{16F816AD-EE17-438A-AFC0-7B21E11A1CA9}"
EndProject
Project("{8BC9CEB8-8B4A-11D0-8D11-00A0C91BC942}") = "socks5", "socks5\socks5.vcxproj", "{FFD72D04-EF1A-484B-82FB-C5CBA4CBFFC5}"
EndProject
Project("{FAE04EC0-301F-11D3-BF4B-00C04F79EFBC}") = "MioSocks-GUI", "MioSocks-GUI\MioSocks-GUI.csproj", "{50DDD06B-43B1-4AC6-92DB-5212AFF549C1}"
EndProject
Global
	GlobalSection(SolutionConfigurationPlatforms) = preSolution
		Debug|Any CPU = Debug|Any CPU
		Debug|x64 = Debug|x64
		Debug|x86 = Debug|x86
		Release|Any CPU = Release|Any CPU
		Release|x64 = Release|x64
		Release|x86 = Release|x86
	EndGlobalSection
	GlobalSection(ProjectConfigurationPlatforms) = postSolution
		{16F816AD-EE17-438A-AFC0-7B21E11A1CA9}.Debug|Any CPU.ActiveCfg = Debug|x64
		{16F816AD-EE17-438A-AFC0-7B21E11A1CA9}.Debug|Any CPU.Build.0 = Debug|x64
		{16F816AD-EE17-438A-AFC0-7B21E11A1CA9}.Debug|x64.ActiveCfg = Debug|x64
		{16F816AD-EE17-438A-AFC0-7B21E11A1CA9}.Debug|x64.Build.0 = Debug|x64
		{16F816AD-EE17-438A-AFC0-7B21E11A1CA9}.Debug|x86.ActiveCfg = Debug|Win32
		{16F816AD-EE17-438A-AFC0-7B21E11A1CA9}.Debug|x86.Build.0 = Debug|Win32
		{16F816AD-EE17-438A-AFC0-7B21E11A1CA9}.Release|Any CPU.ActiveCfg = Release|x64
		{16F816AD-EE17-438A-AFC0-7B21E11A1CA9}.Release|Any CPU.Build.0 = Release|x64
		{16F816AD-EE17-438A-AFC0-7B21E11A1CA9}.Release|x64.ActiveCfg = Release|x64
		{16F816AD-EE17-438A-AFC0-7B21E11A1CA9}.Release|x64.Build.0 = Release|x64
		{16F816AD-EE17-438A-AFC0-7B21E11A1CA9}.Release|x86.ActiveCfg = Release|Win32
		{16F816AD-EE17-438A-AFC0-7B21E11A1CA9}.Release|x86.Build.0 = Release|Win32
		{FFD72D04-EF1A-484B-82FB-C5CBA4CBFFC5}.Debug|Any CPU.ActiveCfg = Debug|x64
		{FFD72D04-EF1A-484B-82FB-C5CBA4CBFFC5}.Debug|Any CPU.Build.0 = Debug|x64
		{FFD72D04-EF1A-484B-82FB-C5CBA4CBFFC5}.Debug|x64.ActiveCfg = Debug|x64
		{FFD72D04-EF1A-484B-82FB-C5CBA4CBFFC5}.Debug|x64.Build.0 = Debug|x64
		{FFD72D04-EF1A-484B-82FB-C5CBA4CBFFC5}.Debug|x86.ActiveCfg = Debug|Win32
		{FFD72D04-EF1A-484B-82FB-C5CBA4CBFFC5}.Debug|x86.Build.0 = Debug|Win32
		{FFD72D04-EF1A-484B-82FB-C5CBA4CBFFC5}.Release|Any CPU.ActiveCfg = Release|x64
		{FFD72D04-EF1A-484B-82FB-C5CBA4CBFFC5}.Release|Any CPU.Build.0 = Release|x64
		{FFD72D04-EF1A-484B-82FB-C5CBA4CBFFC5}.Release|x64.ActiveCfg = Release|x64
		{FFD72D04-EF1A-484B-82FB-C5CBA4CBFFC5}.Release|x64.Build.0 = Release|x64
		{FFD72D04-EF1A-484B-82FB-C5CBA4CBFFC5}.Release|x86.ActiveCfg = Release|Win32
		{FFD72D04-EF1A-484B-82FB-C5CBA4CBFFC5}.Release|x86.Build.0 = Release|Win32
		{50DDD06B-43B1-4AC6-92DB-5212AFF549C1}.Debug|Any CPU.ActiveCfg = Debug|Any CPU
		{50DDD06B-43B1-4AC6-92DB-5212AFF549C1}.Debug|Any CPU.Build.0 = Debug|Any CPU
		{50DDD06B-43B1-4AC6-92DB-5212AFF549C1}.Debug|x64.ActiveCfg = Debug|Any CPU
		{50DDD06B-43B1-4AC6-92DB-5212AFF549C1}.Debug|x64.Build.0 = Debug|Any CPU
		{50DDD06B-43B1-4AC6-92DB-5212AFF549C1}.Debug|x86.ActiveCfg = Debug|Any CPU
		{50DDD06B-43B1-4AC6-92DB-5212AFF549C1}.Debug|x86.Build.0 = Debug|Any CPU
		{50DDD06B-43B1-4AC6-92DB-5212AFF549C1}.Release|Any CPU.ActiveCfg = Release|Any CPU
		{50DDD06B-43B1-4AC6-92DB-5212AFF549C1}.Release|Any CPU.Build.0 = Release|Any CPU
		{50DDD06B-43B1-4AC6-92DB-5212AFF549C1}.Release|x64.ActiveCfg = Release|Any CPU
		{50DDD06B-43B1-4AC6-92DB-5212AFF549C1}.Release|x64.Build.0 = Release|Any CPU
		{50DDD06B-43B1-4AC6-92DB-5212AFF549C1}.Release|x86.ActiveCfg = Release|Any CPU
		{50DDD06B-43B1-4AC6-92DB-5212AFF549C1}.Release|x86.Build.0 = Release|Any CPU
	EndGlobalSection
	GlobalSection(SolutionProperties) = preSolution
		HideSolutionNode = FALSE
	EndGlobalSection
	GlobalSection(ExtensibilityGlobals) = postSolution
		SolutionGuid = {8F7E3611-DBCF-412C-B7F5-A3A27B0A3645}
	EndGlobalSection
EndGlobal
